
Microsoft Visual Studio Solution File, Format Version 12.00
# Visual Studio 15
VisualStudioVersion = 15.0.28307.1000
MinimumVisualStudioVersion = 10.0.40219.1
Project("{FAE04EC0-301F-11D3-BF4B-00C04F79EFBC}") = "Lab1", "Lab1\Lab1.csproj", "{DFC46A92-9F90-455A-8D2F-8C31ED134107}"
EndProject
Project("{FAE04EC0-301F-11D3-BF4B-00C04F79EFBC}") = "Lab1Tests", "Lab1Tests\Lab1Tests.csproj", "{1A4D916B-79F1-4EEA-90AB-1574303D9EC4}"
EndProject
Global
	GlobalSection(SolutionConfigurationPlatforms) = preSolution
		Debug|Any CPU = Debug|Any CPU
		Release|Any CPU = Release|Any CPU
	EndGlobalSection
	GlobalSection(ProjectConfigurationPlatforms) = postSolution
		{DFC46A92-9F90-455A-8D2F-8C31ED134107}.Debug|Any CPU.ActiveCfg = Debug|Any CPU
		{DFC46A92-9F90-455A-8D2F-8C31ED134107}.Debug|Any CPU.Build.0 = Debug|Any CPU
		{DFC46A92-9F90-455A-8D2F-8C31ED134107}.Release|Any CPU.ActiveCfg = Release|Any CPU
		{DFC46A92-9F90-455A-8D2F-8C31ED134107}.Release|Any CPU.Build.0 = Release|Any CPU
		{1A4D916B-79F1-4EEA-90AB-1574303D9EC4}.Debug|Any CPU.ActiveCfg = Debug|Any CPU
		{1A4D916B-79F1-4EEA-90AB-1574303D9EC4}.Debug|Any CPU.Build.0 = Debug|Any CPU
		{1A4D916B-79F1-4EEA-90AB-1574303D9EC4}.Release|Any CPU.ActiveCfg = Release|Any CPU
		{1A4D916B-79F1-4EEA-90AB-1574303D9EC4}.Release|Any CPU.Build.0 = Release|Any CPU
	EndGlobalSection
	GlobalSection(SolutionProperties) = preSolution
		HideSolutionNode = FALSE
	EndGlobalSection
	GlobalSection(ExtensibilityGlobals) = postSolution
		SolutionGuid = {FBEEC63F-C55B-41E2-8CB8-E5566FA9533F}
	EndGlobalSection
EndGlobal
