
Microsoft Visual Studio Solution File, Format Version 12.00
# Visual Studio 15
VisualStudioVersion = 15.0.28307.1000
MinimumVisualStudioVersion = 10.0.40219.1
Project("{FAE04EC0-301F-11D3-BF4B-00C04F79EFBC}") = "Lab4", "Lab4\Lab4.csproj", "{FC5749CB-FAEC-4F21-91CC-423A5CF6C3C2}"
EndProject
Project("{FAE04EC0-301F-11D3-BF4B-00C04F79EFBC}") = "Lab4Tests", "Lab4Tests\Lab4Tests.csproj", "{FC27A165-08FB-4FD2-BDC1-99918DDDCFF3}"
EndProject
Global
	GlobalSection(SolutionConfigurationPlatforms) = preSolution
		Debug|Any CPU = Debug|Any CPU
		Release|Any CPU = Release|Any CPU
	EndGlobalSection
	GlobalSection(ProjectConfigurationPlatforms) = postSolution
		{FC5749CB-FAEC-4F21-91CC-423A5CF6C3C2}.Debug|Any CPU.ActiveCfg = Debug|Any CPU
		{FC5749CB-FAEC-4F21-91CC-423A5CF6C3C2}.Debug|Any CPU.Build.0 = Debug|Any CPU
		{FC5749CB-FAEC-4F21-91CC-423A5CF6C3C2}.Release|Any CPU.ActiveCfg = Release|Any CPU
		{FC5749CB-FAEC-4F21-91CC-423A5CF6C3C2}.Release|Any CPU.Build.0 = Release|Any CPU
		{FC27A165-08FB-4FD2-BDC1-99918DDDCFF3}.Debug|Any CPU.ActiveCfg = Debug|Any CPU
		{FC27A165-08FB-4FD2-BDC1-99918DDDCFF3}.Debug|Any CPU.Build.0 = Debug|Any CPU
		{FC27A165-08FB-4FD2-BDC1-99918DDDCFF3}.Release|Any CPU.ActiveCfg = Release|Any CPU
		{FC27A165-08FB-4FD2-BDC1-99918DDDCFF3}.Release|Any CPU.Build.0 = Release|Any CPU
	EndGlobalSection
	GlobalSection(SolutionProperties) = preSolution
		HideSolutionNode = FALSE
	EndGlobalSection
	GlobalSection(ExtensibilityGlobals) = postSolution
		SolutionGuid = {9E552173-7AA2-424C-A6A7-FDB5F7540847}
	EndGlobalSection
EndGlobal
